
Microsoft Visual Studio Solution File, Format Version 12.00
# Visual Studio 15
VisualStudioVersion = 15.0.28307.645
MinimumVisualStudioVersion = 10.0.40219.1
Project("{151D2E53-A2C4-4D7D-83FE-D05416EBD58E}") = "la-cloudster-hk-cus", "la-cloudster-hk-cus\la-cloudster-hk-cus.deployproj", "{8F71AD48-782F-4E47-8261-FDF139B048A8}"
EndProject
Project("{FAE04EC0-301F-11D3-BF4B-00C04F79EFBC}") = "fa-cloudster-hk-cus", "fa-cloudster-hk-cus\fa-cloudster-hk-cus.csproj", "{52823B42-7980-4E85-8CFC-F79B54F1562A}"
EndProject
Global
	GlobalSection(SolutionConfigurationPlatforms) = preSolution
		Debug|Any CPU = Debug|Any CPU
		Release|Any CPU = Release|Any CPU
	EndGlobalSection
	GlobalSection(ProjectConfigurationPlatforms) = postSolution
		{8F71AD48-782F-4E47-8261-FDF139B048A8}.Debug|Any CPU.ActiveCfg = Debug|Any CPU
		{8F71AD48-782F-4E47-8261-FDF139B048A8}.Debug|Any CPU.Build.0 = Debug|Any CPU
		{8F71AD48-782F-4E47-8261-FDF139B048A8}.Release|Any CPU.ActiveCfg = Release|Any CPU
		{8F71AD48-782F-4E47-8261-FDF139B048A8}.Release|Any CPU.Build.0 = Release|Any CPU
		{52823B42-7980-4E85-8CFC-F79B54F1562A}.Debug|Any CPU.ActiveCfg = Debug|Any CPU
		{52823B42-7980-4E85-8CFC-F79B54F1562A}.Debug|Any CPU.Build.0 = Debug|Any CPU
		{52823B42-7980-4E85-8CFC-F79B54F1562A}.Release|Any CPU.ActiveCfg = Release|Any CPU
		{52823B42-7980-4E85-8CFC-F79B54F1562A}.Release|Any CPU.Build.0 = Release|Any CPU
	EndGlobalSection
	GlobalSection(SolutionProperties) = preSolution
		HideSolutionNode = FALSE
	EndGlobalSection
	GlobalSection(ExtensibilityGlobals) = postSolution
		SolutionGuid = {5F37B4E6-895B-4772-8509-9C3D05871C29}
	EndGlobalSection
EndGlobal
